// !$*UTF8*$!
{
	archiveVersion = 1;
	classes = {
	};
	objectVersion = 50;
	objects = {

/* Begin PBXBuildFile section */
		250C0FA323B9EC06009BCF93 /* AppDelegate.swift in Sources */ = {isa = PBXBuildFile; fileRef = 250C0FA223B9EC06009BCF93 /* AppDelegate.swift */; };
		250C0FA523B9EC06009BCF93 /* SceneDelegate.swift in Sources */ = {isa = PBXBuildFile; fileRef = 250C0FA423B9EC06009BCF93 /* SceneDelegate.swift */; };
		250C0FA723B9EC06009BCF93 /* ViewController.swift in Sources */ = {isa = PBXBuildFile; fileRef = 250C0FA623B9EC06009BCF93 /* ViewController.swift */; };
		250C0FAA23B9EC06009BCF93 /* Main.storyboard in Resources */ = {isa = PBXBuildFile; fileRef = 250C0FA823B9EC06009BCF93 /* Main.storyboard */; };
		250C0FAC23B9EC0C009BCF93 /* Assets.xcassets in Resources */ = {isa = PBXBuildFile; fileRef = 250C0FAB23B9EC0C009BCF93 /* Assets.xcassets */; };
		250C0FAF23B9EC0C009BCF93 /* LaunchScreen.storyboard in Resources */ = {isa = PBXBuildFile; fileRef = 250C0FAD23B9EC0C009BCF93 /* LaunchScreen.storyboard */; };
		250C0FBA23B9EC0C009BCF93 /* DemoTests.swift in Sources */ = {isa = PBXBuildFile; fileRef = 250C0FB923B9EC0C009BCF93 /* DemoTests.swift */; };
		250C0FC523B9EC0C009BCF93 /* DemoUITests.swift in Sources */ = {isa = PBXBuildFile; fileRef = 250C0FC423B9EC0C009BCF93 /* DemoUITests.swift */; };
		250C0FD323BA548C009BCF93 /* Info.plist in Resources */ = {isa = PBXBuildFile; fileRef = 250C0FB023B9EC0C009BCF93 /* Info.plist */; };
/* End PBXBuildFile section */

/* Begin PBXContainerItemProxy section */
		250C0FB623B9EC0C009BCF93 /* PBXContainerItemProxy */ = {
			isa = PBXContainerItemProxy;
			containerPortal = 250C0F9723B9EC05009BCF93 /* Project object */;
			proxyType = 1;
			remoteGlobalIDString = 250C0F9E23B9EC06009BCF93;
			remoteInfo = Demo;
		};
		250C0FC123B9EC0C009BCF93 /* PBXContainerItemProxy */ = {
			isa = PBXContainerItemProxy;
			containerPortal = 250C0F9723B9EC05009BCF93 /* Project object */;
			proxyType = 1;
			remoteGlobalIDString = 250C0F9E23B9EC06009BCF93;
			remoteInfo = Demo;
		};
/* End PBXContainerItemProxy section */

/* Begin PBXFileReference section */
		250C0F9F23B9EC06009BCF93 /* Demo.app */ = {isa = PBXFileReference; explicitFileType = wrapper.application; includeInIndex = 0; path = Demo.app; sourceTree = BUILT_PRODUCTS_DIR; };
		250C0FA223B9EC06009BCF93 /* AppDelegate.swift */ = {isa = PBXFileReference; lastKnownFileType = sourcecode.swift; path = AppDelegate.swift; sourceTree = "<group>"; };
		250C0FA423B9EC06009BCF93 /* SceneDelegate.swift */ = {isa = PBXFileReference; lastKnownFileType = sourcecode.swift; path = SceneDelegate.swift; sourceTree = "<group>"; };
		250C0FA623B9EC06009BCF93 /* ViewController.swift */ = {isa = PBXFileReference; lastKnownFileType = sourcecode.swift; path = ViewController.swift; sourceTree = "<group>"; };
		250C0FA923B9EC06009BCF93 /* Base */ = {isa = PBXFileReference; lastKnownFileType = file.storyboard; name = Base; path = Base.lproj/Main.storyboard; sourceTree = "<group>"; };
		250C0FAB23B9EC0C009BCF93 /* Assets.xcassets */ = {isa = PBXFileReference; lastKnownFileType = folder.assetcatalog; path = Assets.xcassets; sourceTree = "<group>"; };
		250C0FAE23B9EC0C009BCF93 /* Base */ = {isa = PBXFileReference; lastKnownFileType = file.storyboard; name = Base; path = Base.lproj/LaunchScreen.storyboard; sourceTree = "<group>"; };
		250C0FB023B9EC0C009BCF93 /* Info.plist */ = {isa = PBXFileReference; lastKnownFileType = text.plist.xml; path = Info.plist; sourceTree = "<group>"; };
		250C0FB523B9EC0C009BCF93 /* DemoTests.xctest */ = {isa = PBXFileReference; explicitFileType = wrapper.cfbundle; includeInIndex = 0; path = DemoTests.xctest; sourceTree = BUILT_PRODUCTS_DIR; };
		250C0FB923B9EC0C009BCF93 /* DemoTests.swift */ = {isa = PBXFileReference; lastKnownFileType = sourcecode.swift; path = DemoTests.swift; sourceTree = "<group>"; };
		250C0FBB23B9EC0C009BCF93 /* Info.plist */ = {isa = PBXFileReference; lastKnownFileType = text.plist.xml; path = Info.plist; sourceTree = "<group>"; };
		250C0FC023B9EC0C009BCF93 /* DemoUITests.xctest */ = {isa = PBXFileReference; explicitFileType = wrapper.cfbundle; includeInIndex = 0; path = DemoUITests.xctest; sourceTree = BUILT_PRODUCTS_DIR; };
		250C0FC423B9EC0C009BCF93 /* DemoUITests.swift */ = {isa = PBXFileReference; lastKnownFileType = sourcecode.swift; path = DemoUITests.swift; sourceTree = "<group>"; };
		250C0FC623B9EC0C009BCF93 /* Info.plist */ = {isa = PBXFileReference; lastKnownFileType = text.plist.xml; path = Info.plist; sourceTree = "<group>"; };
/* End PBXFileReference section */

/* Begin PBXFrameworksBuildPhase section */
		250C0F9C23B9EC06009BCF93 /* Frameworks */ = {
			isa = PBXFrameworksBuildPhase;
			buildActionMask = 2147483647;
			files = (
			);
			runOnlyForDeploymentPostprocessing = 0;
		};
		250C0FB223B9EC0C009BCF93 /* Frameworks */ = {
			isa = PBXFrameworksBuildPhase;
			buildActionMask = 2147483647;
			files = (
			);
			runOnlyForDeploymentPostprocessing = 0;
		};
		250C0FBD23B9EC0C009BCF93 /* Frameworks */ = {
			isa = PBXFrameworksBuildPhase;
			buildActionMask = 2147483647;
			files = (
			);
			runOnlyForDeploymentPostprocessing = 0;
		};
/* End PBXFrameworksBuildPhase section */

/* Begin PBXGroup section */
		250C0F9623B9EC05009BCF93 = {
			isa = PBXGroup;
			children = (
				250C0FA123B9EC06009BCF93 /* Demo */,
				250C0FB823B9EC0C009BCF93 /* DemoTests */,
				250C0FC323B9EC0C009BCF93 /* DemoUITests */,
				250C0FA023B9EC06009BCF93 /* Products */,
			);
			sourceTree = "<group>";
		};
		250C0FA023B9EC06009BCF93 /* Products */ = {
			isa = PBXGroup;
			children = (
				250C0F9F23B9EC06009BCF93 /* Demo.app */,
				250C0FB523B9EC0C009BCF93 /* DemoTests.xctest */,
				250C0FC023B9EC0C009BCF93 /* DemoUITests.xctest */,
			);
			name = Products;
			sourceTree = "<group>";
		};
		250C0FA123B9EC06009BCF93 /* Demo */ = {
			isa = PBXGroup;
			children = (
				250C0FA223B9EC06009BCF93 /* AppDelegate.swift */,
				250C0FA423B9EC06009BCF93 /* SceneDelegate.swift */,
				250C0FA623B9EC06009BCF93 /* ViewController.swift */,
				250C0FA823B9EC06009BCF93 /* Main.storyboard */,
				250C0FAB23B9EC0C009BCF93 /* Assets.xcassets */,
				250C0FAD23B9EC0C009BCF93 /* LaunchScreen.storyboard */,
				250C0FB023B9EC0C009BCF93 /* Info.plist */,
			);
			path = Demo;
			sourceTree = "<group>";
		};
		250C0FB823B9EC0C009BCF93 /* DemoTests */ = {
			isa = PBXGroup;
			children = (
				250C0FB923B9EC0C009BCF93 /* DemoTests.swift */,
				250C0FBB23B9EC0C009BCF93 /* Info.plist */,
			);
			path = DemoTests;
			sourceTree = "<group>";
		};
		250C0FC323B9EC0C009BCF93 /* DemoUITests */ = {
			isa = PBXGroup;
			children = (
				250C0FC423B9EC0C009BCF93 /* DemoUITests.swift */,
				250C0FC623B9EC0C009BCF93 /* Info.plist */,
			);
			path = DemoUITests;
			sourceTree = "<group>";
		};
/* End PBXGroup section */

/* Begin PBXNativeTarget section */
		250C0F9E23B9EC06009BCF93 /* Demo */ = {
			isa = PBXNativeTarget;
			buildConfigurationList = 250C0FC923B9EC0C009BCF93 /* Build configuration list for PBXNativeTarget "Demo" */;
			buildPhases = (
				250C0F9B23B9EC06009BCF93 /* Sources */,
				250C0F9C23B9EC06009BCF93 /* Frameworks */,
				250C0F9D23B9EC06009BCF93 /* Resources */,
			);
			buildRules = (
			);
			dependencies = (
			);
			name = Demo;
			productName = Demo;
			productReference = 250C0F9F23B9EC06009BCF93 /* Demo.app */;
			productType = "com.apple.product-type.application";
		};
		250C0FB423B9EC0C009BCF93 /* DemoTests */ = {
			isa = PBXNativeTarget;
			buildConfigurationList = 250C0FCC23B9EC0C009BCF93 /* Build configuration list for PBXNativeTarget "DemoTests" */;
			buildPhases = (
				250C0FB123B9EC0C009BCF93 /* Sources */,
				250C0FB223B9EC0C009BCF93 /* Frameworks */,
				250C0FB323B9EC0C009BCF93 /* Resources */,
			);
			buildRules = (
			);
			dependencies = (
				250C0FB723B9EC0C009BCF93 /* PBXTargetDependency */,
			);
			name = DemoTests;
			productName = DemoTests;
			productReference = 250C0FB523B9EC0C009BCF93 /* DemoTests.xctest */;
			productType = "com.apple.product-type.bundle.unit-test";
		};
		250C0FBF23B9EC0C009BCF93 /* DemoUITests */ = {
			isa = PBXNativeTarget;
			buildConfigurationList = 250C0FCF23B9EC0C009BCF93 /* Build configuration list for PBXNativeTarget "DemoUITests" */;
			buildPhases = (
				250C0FBC23B9EC0C009BCF93 /* Sources */,
				250C0FBD23B9EC0C009BCF93 /* Frameworks */,
				250C0FBE23B9EC0C009BCF93 /* Resources */,
			);
			buildRules = (
			);
			dependencies = (
				250C0FC223B9EC0C009BCF93 /* PBXTargetDependency */,
			);
			name = DemoUITests;
			productName = DemoUITests;
			productReference = 250C0FC023B9EC0C009BCF93 /* DemoUITests.xctest */;
			productType = "com.apple.product-type.bundle.ui-testing";
		};
/* End PBXNativeTarget section */

/* Begin PBXProject section */
		250C0F9723B9EC05009BCF93 /* Project object */ = {
			isa = PBXProject;
			attributes = {
				LastSwiftUpdateCheck = 1130;
				LastUpgradeCheck = 1130;
				ORGANIZATIONNAME = "Raksha Singh";
				TargetAttributes = {
					250C0F9E23B9EC06009BCF93 = {
						CreatedOnToolsVersion = 11.3;
					};
					250C0FB423B9EC0C009BCF93 = {
						CreatedOnToolsVersion = 11.3;
						TestTargetID = 250C0F9E23B9EC06009BCF93;
					};
					250C0FBF23B9EC0C009BCF93 = {
						CreatedOnToolsVersion = 11.3;
						TestTargetID = 250C0F9E23B9EC06009BCF93;
					};
				};
			};
			buildConfigurationList = 250C0F9A23B9EC06009BCF93 /* Build configuration list for PBXProject "Demo" */;
			compatibilityVersion = "Xcode 9.3";
			developmentRegion = en;
			hasScannedForEncodings = 0;
			knownRegions = (
				en,
				Base,
			);
			mainGroup = 250C0F9623B9EC05009BCF93;
			productRefGroup = 250C0FA023B9EC06009BCF93 /* Products */;
			projectDirPath = "";
			projectRoot = "";
			targets = (
				250C0F9E23B9EC06009BCF93 /* Demo */,
				250C0FB423B9EC0C009BCF93 /* DemoTests */,
				250C0FBF23B9EC0C009BCF93 /* DemoUITests */,
			);
		};
/* End PBXProject section */

/* Begin PBXResourcesBuildPhase section */
		250C0F9D23B9EC06009BCF93 /* Resources */ = {
			isa = PBXResourcesBuildPhase;
			buildActionMask = 2147483647;
			files = (
				250C0FD323BA548C009BCF93 /* Info.plist in Resources */,
				250C0FAF23B9EC0C009BCF93 /* LaunchScreen.storyboard in Resources */,
				250C0FAC23B9EC0C009BCF93 /* Assets.xcassets in Resources */,
				250C0FAA23B9EC06009BCF93 /* Main.storyboard in Resources */,
			);
			runOnlyForDeploymentPostprocessing = 0;
		};
		250C0FB323B9EC0C009BCF93 /* Resources */ = {
			isa = PBXResourcesBuildPhase;
			buildActionMask = 2147483647;
			files = (
			);
			runOnlyForDeploymentPostprocessing = 0;
		};
		250C0FBE23B9EC0C009BCF93 /* Resources */ = {
			isa = PBXResourcesBuildPhase;
			buildActionMask = 2147483647;
			files = (
			);
			runOnlyForDeploymentPostprocessing = 0;
		};
/* End PBXResourcesBuildPhase section */

/* Begin PBXSourcesBuildPhase section */
		250C0F9B23B9EC06009BCF93 /* Sources */ = {
			isa = PBXSourcesBuildPhase;
			buildActionMask = 2147483647;
			files = (
				250C0FA723B9EC06009BCF93 /* ViewController.swift in Sources */,
				250C0FA323B9EC06009BCF93 /* AppDelegate.swift in Sources */,
				250C0FA523B9EC06009BCF93 /* SceneDelegate.swift in Sources */,
			);
			runOnlyForDeploymentPostprocessing = 0;
		};
		250C0FB123B9EC0C009BCF93 /* Sources */ = {
			isa = PBXSourcesBuildPhase;
			buildActionMask = 2147483647;
			files = (
				250C0FBA23B9EC0C009BCF93 /* DemoTests.swift in Sources */,
			);
			runOnlyForDeploymentPostprocessing = 0;
		};
		250C0FBC23B9EC0C009BCF93 /* Sources */ = {
			isa = PBXSourcesBuildPhase;
			buildActionMask = 2147483647;
			files = (
				250C0FC523B9EC0C009BCF93 /* DemoUITests.swift in Sources */,
			);
			runOnlyForDeploymentPostprocessing = 0;
		};
/* End PBXSourcesBuildPhase section */

/* Begin PBXTargetDependency section */
		250C0FB723B9EC0C009BCF93 /* PBXTargetDependency */ = {
			isa = PBXTargetDependency;
			target = 250C0F9E23B9EC06009BCF93 /* Demo */;
			targetProxy = 250C0FB623B9EC0C009BCF93 /* PBXContainerItemProxy */;
		};
		250C0FC223B9EC0C009BCF93 /* PBXTargetDependency */ = {
			isa = PBXTargetDependency;
			target = 250C0F9E23B9EC06009BCF93 /* Demo */;
			targetProxy = 250C0FC123B9EC0C009BCF93 /* PBXContainerItemProxy */;
		};
/* End PBXTargetDependency section */

/* Begin PBXVariantGroup section */
		250C0FA823B9EC06009BCF93 /* Main.storyboard */ = {
			isa = PBXVariantGroup;
			children = (
				250C0FA923B9EC06009BCF93 /* Base */,
			);
			name = Main.storyboard;
			sourceTree = "<group>";
		};
		250C0FAD23B9EC0C009BCF93 /* LaunchScreen.storyboard */ = {
			isa = PBXVariantGroup;
			children = (
				250C0FAE23B9EC0C009BCF93 /* Base */,
			);
			name = LaunchScreen.storyboard;
			sourceTree = "<group>";
		};
/* End PBXVariantGroup section */

/* Begin XCBuildConfiguration section */
		250C0FC723B9EC0C009BCF93 /* Debug */ = {
			isa = XCBuildConfiguration;
			buildSettings = {
				ALWAYS_SEARCH_USER_PATHS = NO;
				CLANG_ANALYZER_NONNULL = YES;
				CLANG_ANALYZER_NUMBER_OBJECT_CONVERSION = YES_AGGRESSIVE;
				CLANG_CXX_LANGUAGE_STANDARD = "gnu++14";
				CLANG_CXX_LIBRARY = "libc++";
				CLANG_ENABLE_MODULES = YES;
				CLANG_ENABLE_OBJC_ARC = YES;
				CLANG_ENABLE_OBJC_WEAK = YES;
				CLANG_WARN_BLOCK_CAPTURE_AUTORELEASING = YES;
				CLANG_WARN_BOOL_CONVERSION = YES;
				CLANG_WARN_COMMA = YES;
				CLANG_WARN_CONSTANT_CONVERSION = YES;
				CLANG_WARN_DEPRECATED_OBJC_IMPLEMENTATIONS = YES;
				CLANG_WARN_DIRECT_OBJC_ISA_USAGE = YES_ERROR;
				CLANG_WARN_DOCUMENTATION_COMMENTS = YES;
				CLANG_WARN_EMPTY_BODY = YES;
				CLANG_WARN_ENUM_CONVERSION = YES;
				CLANG_WARN_INFINITE_RECURSION = YES;
				CLANG_WARN_INT_CONVERSION = YES;
				CLANG_WARN_NON_LITERAL_NULL_CONVERSION = YES;
				CLANG_WARN_OBJC_IMPLICIT_RETAIN_SELF = YES;
				CLANG_WARN_OBJC_LITERAL_CONVERSION = YES;
				CLANG_WARN_OBJC_ROOT_CLASS = YES_ERROR;
				CLANG_WARN_RANGE_LOOP_ANALYSIS = YES;
				CLANG_WARN_STRICT_PROTOTYPES = YES;
				CLANG_WARN_SUSPICIOUS_MOVE = YES;
				CLANG_WARN_UNGUARDED_AVAILABILITY = YES_AGGRESSIVE;
				CLANG_WARN_UNREACHABLE_CODE = YES;
				CLANG_WARN__DUPLICATE_METHOD_MATCH = YES;
				COPY_PHASE_STRIP = NO;
				DEBUG_INFORMATION_FORMAT = dwarf;
				ENABLE_STRICT_OBJC_MSGSEND = YES;
				ENABLE_TESTABILITY = YES;
				GCC_C_LANGUAGE_STANDARD = gnu11;
				GCC_DYNAMIC_NO_PIC = NO;
				GCC_NO_COMMON_BLOCKS = YES;
				GCC_OPTIMIZATION_LEVEL = 0;
				GCC_PREPROCESSOR_DEFINITIONS = (
					"DEBUG=1",
					"$(inherited)",
				);
				GCC_WARN_64_TO_32_BIT_CONVERSION = YES;
				GCC_WARN_ABOUT_RETURN_TYPE = YES_ERROR;
				GCC_WARN_UNDECLARED_SELECTOR = YES;
				GCC_WARN_UNINITIALIZED_AUTOS = YES_AGGRESSIVE;
				GCC_WARN_UNUSED_FUNCTION = YES;
				GCC_WARN_UNUSED_VARIABLE = YES;
				IPHONEOS_DEPLOYMENT_TARGET = 13.2;
				MTL_ENABLE_DEBUG_INFO = INCLUDE_SOURCE;
				MTL_FAST_MATH = YES;
				ONLY_ACTIVE_ARCH = YES;
				SDKROOT = iphoneos;
				SWIFT_ACTIVE_COMPILATION_CONDITIONS = DEBUG;
				SWIFT_OPTIMIZATION_LEVEL = "-Onone";
			};
			name = Debug;
		};
		250C0FC823B9EC0C009BCF93 /* Release */ = {
			isa = XCBuildConfiguration;
			buildSettings = {
				ALWAYS_SEARCH_USER_PATHS = NO;
				CLANG_ANALYZER_NONNULL = YES;
				CLANG_ANALYZER_NUMBER_OBJECT_CONVERSION = YES_AGGRESSIVE;
				CLANG_CXX_LANGUAGE_STANDARD = "gnu++14";
				CLANG_CXX_LIBRARY = "libc++";
				CLANG_ENABLE_MODULES = YES;
				CLANG_ENABLE_OBJC_ARC = YES;
				CLANG_ENABLE_OBJC_WEAK = YES;
				CLANG_WARN_BLOCK_CAPTURE_AUTORELEASING = YES;
				CLANG_WARN_BOOL_CONVERSION = YES;
				CLANG_WARN_COMMA = YES;
				CLANG_WARN_CONSTANT_CONVERSION = YES;
				CLANG_WARN_DEPRECATED_OBJC_IMPLEMENTATIONS = YES;
				CLANG_WARN_DIRECT_OBJC_ISA_USAGE = YES_ERROR;
				CLANG_WARN_DOCUMENTATION_COMMENTS = YES;
				CLANG_WARN_EMPTY_BODY = YES;
				CLANG_WARN_ENUM_CONVERSION = YES;
				CLANG_WARN_INFINITE_RECURSION = YES;
				CLANG_WARN_INT_CONVERSION = YES;
				CLANG_WARN_NON_LITERAL_NULL_CONVERSION = YES;
				CLANG_WARN_OBJC_IMPLICIT_RETAIN_SELF = YES;
				CLANG_WARN_OBJC_LITERAL_CONVERSION = YES;
				CLANG_WARN_OBJC_ROOT_CLASS = YES_ERROR;
				CLANG_WARN_RANGE_LOOP_ANALYSIS = YES;
				CLANG_WARN_STRICT_PROTOTYPES = YES;
				CLANG_WARN_SUSPICIOUS_MOVE = YES;
				CLANG_WARN_UNGUARDED_AVAILABILITY = YES_AGGRESSIVE;
				CLANG_WARN_UNREACHABLE_CODE = YES;
				CLANG_WARN__DUPLICATE_METHOD_MATCH = YES;
				COPY_PHASE_STRIP = NO;
				DEBUG_INFORMATION_FORMAT = "dwarf-with-dsym";
				ENABLE_NS_ASSERTIONS = NO;
				ENABLE_STRICT_OBJC_MSGSEND = YES;
				GCC_C_LANGUAGE_STANDARD = gnu11;
				GCC_NO_COMMON_BLOCKS = YES;
				GCC_WARN_64_TO_32_BIT_CONVERSION = YES;
				GCC_WARN_ABOUT_RETURN_TYPE = YES_ERROR;
				GCC_WARN_UNDECLARED_SELECTOR = YES;
				GCC_WARN_UNINITIALIZED_AUTOS = YES_AGGRESSIVE;
				GCC_WARN_UNUSED_FUNCTION = YES;
				GCC_WARN_UNUSED_VARIABLE = YES;
				IPHONEOS_DEPLOYMENT_TARGET = 13.2;
				MTL_ENABLE_DEBUG_INFO = NO;
				MTL_FAST_MATH = YES;
				SDKROOT = iphoneos;
				SWIFT_COMPILATION_MODE = wholemodule;
				SWIFT_OPTIMIZATION_LEVEL = "-O";
				VALIDATE_PRODUCT = YES;
			};
			name = Release;
		};
		250C0FCA23B9EC0C009BCF93 /* Debug */ = {
			isa = XCBuildConfiguration;
			buildSettings = {
				ASSETCATALOG_COMPILER_APPICON_NAME = AppIcon;
				CODE_SIGN_STYLE = Automatic;
				INFOPLIST_FILE = Demo/Info.plist;
				LD_RUNPATH_SEARCH_PATHS = (
					"$(inherited)",
					"@executable_path/Frameworks",
				);
				PRODUCT_BUNDLE_IDENTIFIER = com.Demo;
				PRODUCT_NAME = "$(TARGET_NAME)";
				SWIFT_VERSION = 5.0;
				TARGETED_DEVICE_FAMILY = "1,2";
			};
			name = Debug;
		};
		250C0FCB23B9EC0C009BCF93 /* Release */ = {
			isa = XCBuildConfiguration;
			buildSettings = {
				ASSETCATALOG_COMPILER_APPICON_NAME = AppIcon;
				CODE_SIGN_STYLE = Automatic;
				INFOPLIST_FILE = Demo/Info.plist;
				LD_RUNPATH_SEARCH_PATHS = (
					"$(inherited)",
					"@executable_path/Frameworks",
				);
				PRODUCT_BUNDLE_IDENTIFIER = com.Demo;
				PRODUCT_NAME = "$(TARGET_NAME)";
				SWIFT_VERSION = 5.0;
				TARGETED_DEVICE_FAMILY = "1,2";
			};
			name = Release;
		};
		250C0FCD23B9EC0C009BCF93 /* Debug */ = {
			isa = XCBuildConfiguration;
			buildSettings = {
				ALWAYS_EMBED_SWIFT_STANDARD_LIBRARIES = YES;
				BUNDLE_LOADER = "$(TEST_HOST)";
				CODE_SIGN_STYLE = Automatic;
				INFOPLIST_FILE = DemoTests/Info.plist;
				IPHONEOS_DEPLOYMENT_TARGET = 13.2;
				LD_RUNPATH_SEARCH_PATHS = (
					"$(inherited)",
					"@executable_path/Frameworks",
					"@loader_path/Frameworks",
				);
				PRODUCT_BUNDLE_IDENTIFIER = com.DemoTests;
				PRODUCT_NAME = "$(TARGET_NAME)";
				SWIFT_VERSION = 5.0;
				TARGETED_DEVICE_FAMILY = "1,2";
				TEST_HOST = "$(BUILT_PRODUCTS_DIR)/Demo.app/Demo";
			};
			name = Debug;
		};
		250C0FCE23B9EC0C009BCF93 /* Release */ = {
			isa = XCBuildConfiguration;
			buildSettings = {
				ALWAYS_EMBED_SWIFT_STANDARD_LIBRARIES = YES;
				BUNDLE_LOADER = "$(TEST_HOST)";
				CODE_SIGN_STYLE = Automatic;
				INFOPLIST_FILE = DemoTests/Info.plist;
				IPHONEOS_DEPLOYMENT_TARGET = 13.2;
				LD_RUNPATH_SEARCH_PATHS = (
					"$(inherited)",
					"@executable_path/Frameworks",
					"@loader_path/Frameworks",
				);
				PRODUCT_BUNDLE_IDENTIFIER = com.DemoTests;
				PRODUCT_NAME = "$(TARGET_NAME)";
				SWIFT_VERSION = 5.0;
				TARGETED_DEVICE_FAMILY = "1,2";
				TEST_HOST = "$(BUILT_PRODUCTS_DIR)/Demo.app/Demo";
			};
			name = Release;
		};
		250C0FD023B9EC0C009BCF93 /* Debug */ = {
			isa = XCBuildConfiguration;
			buildSettings = {
				ALWAYS_EMBED_SWIFT_STANDARD_LIBRARIES = YES;
				CODE_SIGN_STYLE = Automatic;
				INFOPLIST_FILE = DemoUITests/Info.plist;
				LD_RUNPATH_SEARCH_PATHS = (
					"$(inherited)",
					"@executable_path/Frameworks",
					"@loader_path/Frameworks",
				);
				PRODUCT_BUNDLE_IDENTIFIER = com.DemoUITests;
				PRODUCT_NAME = "$(TARGET_NAME)";
				SWIFT_VERSION = 5.0;
				TARGETED_DEVICE_FAMILY = "1,2";
				TEST_TARGET_NAME = Demo;
			};
			name = Debug;
		};
		250C0FD123B9EC0C009BCF93 /* Release */ = {
			isa = XCBuildConfiguration;
			buildSettings = {
				ALWAYS_EMBED_SWIFT_STANDARD_LIBRARIES = YES;
				CODE_SIGN_STYLE = Automatic;
				INFOPLIST_FILE = DemoUITests/Info.plist;
				LD_RUNPATH_SEARCH_PATHS = (
					"$(inherited)",
					"@executable_path/Frameworks",
					"@loader_path/Frameworks",
				);
				PRODUCT_BUNDLE_IDENTIFIER = com.DemoUITests;
				PRODUCT_NAME = "$(TARGET_NAME)";
				SWIFT_VERSION = 5.0;
				TARGETED_DEVICE_FAMILY = "1,2";
				TEST_TARGET_NAME = Demo;
			};
			name = Release;
		};
/* End XCBuildConfiguration section */

/* Begin XCConfigurationList section */
		250C0F9A23B9EC06009BCF93 /* Build configuration list for PBXProject "Demo" */ = {
			isa = XCConfigurationList;
			buildConfigurations = (
				250C0FC723B9EC0C009BCF93 /* Debug */,
				250C0FC823B9EC0C009BCF93 /* Release */,
			);
			defaultConfigurationIsVisible = 0;
			defaultConfigurationName = Release;
		};
		250C0FC923B9EC0C009BCF93 /* Build configuration list for PBXNativeTarget "Demo" */ = {
			isa = XCConfigurationList;
			buildConfigurations = (
				250C0FCA23B9EC0C009BCF93 /* Debug */,
				250C0FCB23B9EC0C009BCF93 /* Release */,
			);
			defaultConfigurationIsVisible = 0;
			defaultConfigurationName = Release;
		};
		250C0FCC23B9EC0C009BCF93 /* Build configuration list for PBXNativeTarget "DemoTests" */ = {
			isa = XCConfigurationList;
			buildConfigurations = (
				250C0FCD23B9EC0C009BCF93 /* Debug */,
				250C0FCE23B9EC0C009BCF93 /* Release */,
			);
			defaultConfigurationIsVisible = 0;
			defaultConfigurationName = Release;
		};
		250C0FCF23B9EC0C009BCF93 /* Build configuration list for PBXNativeTarget "DemoUITests" */ = {
			isa = XCConfigurationList;
			buildConfigurations = (
				250C0FD023B9EC0C009BCF93 /* Debug */,
				250C0FD123B9EC0C009BCF93 /* Release */,
			);
			defaultConfigurationIsVisible = 0;
			defaultConfigurationName = Release;
		};
/* End XCConfigurationList section */
	};
	rootObject = 250C0F9723B9EC05009BCF93 /* Project object */;
}
